// !$*UTF8*$!
{
	archiveVersion = 1;
	classes = {
	};
	objectVersion = 77;
	objects = {

/* Begin PBXBuildFile section */
		A98BBF112DC1670000F561BF /* Data in Frameworks */ = {isa = PBXBuildFile; productRef = A98BBF102DC1670000F561BF /* Data */; };
		A98BBF132DC1670300F561BF /* Domain in Frameworks */ = {isa = PBXBuildFile; productRef = A98BBF122DC1670300F561BF /* Domain */; };
		A98D0C352ECCD17800B642CE /* ScovilleKit in Frameworks */ = {isa = PBXBuildFile; productRef = A98D0C342ECCD17800B642CE /* ScovilleKit */; };
		A9A91A8B2D4C02B000153BE0 /* FirebaseAnalytics in Frameworks */ = {isa = PBXBuildFile; productRef = A9A91A8A2D4C02B000153BE0 /* FirebaseAnalytics */; };
		A9A91A8D2D4C02B000153BE0 /* FirebaseCore in Frameworks */ = {isa = PBXBuildFile; productRef = A9A91A8C2D4C02B000153BE0 /* FirebaseCore */; };
		A9A91A8F2D4C02B000153BE0 /* FirebaseCrashlytics in Frameworks */ = {isa = PBXBuildFile; productRef = A9A91A8E2D4C02B000153BE0 /* FirebaseCrashlytics */; };
		A9A91A912D4C02B000153BE0 /* FirebasePerformance in Frameworks */ = {isa = PBXBuildFile; productRef = A9A91A902D4C02B000153BE0 /* FirebasePerformance */; };
		A9B3A5F52DC265AA00D219FF /* Data in Frameworks */ = {isa = PBXBuildFile; productRef = A9B3A5F42DC265AA00D219FF /* Data */; };
		A9C83BAF2F193A61008371FC /* StoreKit.framework in Frameworks */ = {isa = PBXBuildFile; fileRef = A9C83BAE2F193A61008371FC /* StoreKit.framework */; };
/* End PBXBuildFile section */

/* Begin PBXFileReference section */
		A96F625E2D43C5D500872385 /* FuelTrackr.app */ = {isa = PBXFileReference; explicitFileType = wrapper.application; includeInIndex = 0; path = FuelTrackr.app; sourceTree = BUILT_PRODUCTS_DIR; };
		A9C83BAE2F193A61008371FC /* StoreKit.framework */ = {isa = PBXFileReference; lastKnownFileType = wrapper.framework; name = StoreKit.framework; path = System/Library/Frameworks/StoreKit.framework; sourceTree = SDKROOT; };
/* End PBXFileReference section */

/* Begin PBXFileSystemSynchronizedBuildFileExceptionSet section */
		A9A91A792D47E9AA00153BE0 /* Exceptions for "FuelTrackr" folder in "FuelTrackr" target */ = {
			isa = PBXFileSystemSynchronizedBuildFileExceptionSet;
			membershipExceptions = (
				App/Info.plist,
			);
			target = A96F625D2D43C5D500872385 /* FuelTrackr */;
		};
/* End PBXFileSystemSynchronizedBuildFileExceptionSet section */

/* Begin PBXFileSystemSynchronizedRootGroup section */
		A96F62602D43C5D500872385 /* FuelTrackr */ = {
			isa = PBXFileSystemSynchronizedRootGroup;
			exceptions = (
				A9A91A792D47E9AA00153BE0 /* Exceptions for "FuelTrackr" folder in "FuelTrackr" target */,
			);
			path = FuelTrackr;
			sourceTree = "<group>";
		};
		A98D0DCB2ECCD2A800B642CE /* ScovilleKit */ = {
			isa = PBXFileSystemSynchronizedRootGroup;
			path = ScovilleKit;
			sourceTree = "<group>";
		};
/* End PBXFileSystemSynchronizedRootGroup section */

/* Begin PBXFrameworksBuildPhase section */
		A96F625B2D43C5D500872385 /* Frameworks */ = {
			isa = PBXFrameworksBuildPhase;
			buildActionMask = 2147483647;
			files = (
				A9C83BAF2F193A61008371FC /* StoreKit.framework in Frameworks */,
				A9A91A8F2D4C02B000153BE0 /* FirebaseCrashlytics in Frameworks */,
				A98BBF132DC1670300F561BF /* Domain in Frameworks */,
				A9A91A8D2D4C02B000153BE0 /* FirebaseCore in Frameworks */,
				A98BBF112DC1670000F561BF /* Data in Frameworks */,
				A98D0C352ECCD17800B642CE /* ScovilleKit in Frameworks */,
				A9A91A912D4C02B000153BE0 /* FirebasePerformance in Frameworks */,
				A9A91A8B2D4C02B000153BE0 /* FirebaseAnalytics in Frameworks */,
				A9B3A5F52DC265AA00D219FF /* Data in Frameworks */,
			);
			runOnlyForDeploymentPostprocessing = 0;
		};
/* End PBXFrameworksBuildPhase section */

/* Begin PBXGroup section */
		A96F62552D43C5D500872385 = {
			isa = PBXGroup;
			children = (
				A98D0DCB2ECCD2A800B642CE /* ScovilleKit */,
				A96F62602D43C5D500872385 /* FuelTrackr */,
				A98BBF0D2DC166F800F561BF /* Frameworks */,
				A96F625F2D43C5D500872385 /* Products */,
			);
			sourceTree = "<group>";
		};
		A96F625F2D43C5D500872385 /* Products */ = {
			isa = PBXGroup;
			children = (
				A96F625E2D43C5D500872385 /* FuelTrackr.app */,
			);
			name = Products;
			sourceTree = "<group>";
		};
		A98BBF0D2DC166F800F561BF /* Frameworks */ = {
			isa = PBXGroup;
			children = (
				A9C83BAE2F193A61008371FC /* StoreKit.framework */,
			);
			name = Frameworks;
			sourceTree = "<group>";
		};
/* End PBXGroup section */

/* Begin PBXNativeTarget section */
		A96F625D2D43C5D500872385 /* FuelTrackr */ = {
			isa = PBXNativeTarget;
			buildConfigurationList = A96F626F2D43C5D600872385 /* Build configuration list for PBXNativeTarget "FuelTrackr" */;
			buildPhases = (
				A96F625A2D43C5D500872385 /* Sources */,
				A96F625B2D43C5D500872385 /* Frameworks */,
				A96F625C2D43C5D500872385 /* Resources */,
			);
			buildRules = (
			);
			dependencies = (
			);
			fileSystemSynchronizedGroups = (
				A96F62602D43C5D500872385 /* FuelTrackr */,
				A98D0DCB2ECCD2A800B642CE /* ScovilleKit */,
			);
			name = FuelTrackr;
			packageProductDependencies = (
				A9A91A8A2D4C02B000153BE0 /* FirebaseAnalytics */,
				A9A91A8C2D4C02B000153BE0 /* FirebaseCore */,
				A9A91A8E2D4C02B000153BE0 /* FirebaseCrashlytics */,
				A9A91A902D4C02B000153BE0 /* FirebasePerformance */,
				A98BBF102DC1670000F561BF /* Data */,
				A98BBF122DC1670300F561BF /* Domain */,
				A9B3A5F42DC265AA00D219FF /* Data */,
				A98D0C342ECCD17800B642CE /* ScovilleKit */,
			);
			productName = DriveWise;
			productReference = A96F625E2D43C5D500872385 /* FuelTrackr.app */;
			productType = "com.apple.product-type.application";
		};
/* End PBXNativeTarget section */

/* Begin PBXProject section */
		A96F62562D43C5D500872385 /* Project object */ = {
			isa = PBXProject;
			attributes = {
				BuildIndependentTargetsInParallel = 1;
				LastSwiftUpdateCheck = 1600;
				LastUpgradeCheck = 1600;
				TargetAttributes = {
					A96F625D2D43C5D500872385 = {
						CreatedOnToolsVersion = 16.0;
					};
				};
			};
			buildConfigurationList = A96F62592D43C5D500872385 /* Build configuration list for PBXProject "FuelTrackr" */;
			developmentRegion = en;
			hasScannedForEncodings = 0;
			knownRegions = (
				en,
				Base,
				nl,
			);
			mainGroup = A96F62552D43C5D500872385;
			minimizedProjectReferenceProxies = 1;
			packageReferences = (
				A9A91A892D4C02B000153BE0 /* XCRemoteSwiftPackageReference "firebase-ios-sdk" */,
				A98BBF052DC1660000F561BF /* XCLocalSwiftPackageReference "FuelTrackr/Data" */,
				A98BBF082DC1661000F561BF /* XCLocalSwiftPackageReference "FuelTrackr/Domain" */,
				A98D0C332ECCD17800B642CE /* XCRemoteSwiftPackageReference "ScovilleKit" */,
			);
			preferredProjectObjectVersion = 77;
			productRefGroup = A96F625F2D43C5D500872385 /* Products */;
			projectDirPath = "";
			projectRoot = "";
			targets = (
				A96F625D2D43C5D500872385 /* FuelTrackr */,
			);
		};
/* End PBXProject section */

/* Begin PBXResourcesBuildPhase section */
		A96F625C2D43C5D500872385 /* Resources */ = {
			isa = PBXResourcesBuildPhase;
			buildActionMask = 2147483647;
			files = (
			);
			runOnlyForDeploymentPostprocessing = 0;
		};
/* End PBXResourcesBuildPhase section */

/* Begin PBXSourcesBuildPhase section */
		A96F625A2D43C5D500872385 /* Sources */ = {
			isa = PBXSourcesBuildPhase;
			buildActionMask = 2147483647;
			files = (
			);
			runOnlyForDeploymentPostprocessing = 0;
		};
/* End PBXSourcesBuildPhase section */

/* Begin XCBuildConfiguration section */
		A96F626D2D43C5D600872385 /* Debug */ = {
			isa = XCBuildConfiguration;
			buildSettings = {
				ALWAYS_SEARCH_USER_PATHS = NO;
				ASSETCATALOG_COMPILER_GENERATE_SWIFT_ASSET_SYMBOL_EXTENSIONS = YES;
				CLANG_ANALYZER_NONNULL = YES;
				CLANG_ANALYZER_NUMBER_OBJECT_CONVERSION = YES_AGGRESSIVE;
				CLANG_CXX_LANGUAGE_STANDARD = "gnu++20";
				CLANG_ENABLE_MODULES = YES;
				CLANG_ENABLE_OBJC_ARC = YES;
				CLANG_ENABLE_OBJC_WEAK = YES;
				CLANG_WARN_BLOCK_CAPTURE_AUTORELEASING = YES;
				CLANG_WARN_BOOL_CONVERSION = YES;
				CLANG_WARN_COMMA = YES;
				CLANG_WARN_CONSTANT_CONVERSION = YES;
				CLANG_WARN_DEPRECATED_OBJC_IMPLEMENTATIONS = YES;
				CLANG_WARN_DIRECT_OBJC_ISA_USAGE = YES_ERROR;
				CLANG_WARN_DOCUMENTATION_COMMENTS = YES;
				CLANG_WARN_EMPTY_BODY = YES;
				CLANG_WARN_ENUM_CONVERSION = YES;
				CLANG_WARN_INFINITE_RECURSION = YES;
				CLANG_WARN_INT_CONVERSION = YES;
				CLANG_WARN_NON_LITERAL_NULL_CONVERSION = YES;
				CLANG_WARN_OBJC_IMPLICIT_RETAIN_SELF = YES;
				CLANG_WARN_OBJC_LITERAL_CONVERSION = YES;
				CLANG_WARN_OBJC_ROOT_CLASS = YES_ERROR;
				CLANG_WARN_QUOTED_INCLUDE_IN_FRAMEWORK_HEADER = YES;
				CLANG_WARN_RANGE_LOOP_ANALYSIS = YES;
				CLANG_WARN_STRICT_PROTOTYPES = YES;
				CLANG_WARN_SUSPICIOUS_MOVE = YES;
				CLANG_WARN_UNGUARDED_AVAILABILITY = YES_AGGRESSIVE;
				CLANG_WARN_UNREACHABLE_CODE = YES;
				CLANG_WARN__DUPLICATE_METHOD_MATCH = YES;
				CODE_SIGN_ENTITLEMENTS = FuelTrackr/FuelTrackr.entitlements;
				COPY_PHASE_STRIP = NO;
				DEBUG_INFORMATION_FORMAT = dwarf;
				ENABLE_STRICT_OBJC_MSGSEND = YES;
				ENABLE_TESTABILITY = YES;
				ENABLE_USER_SCRIPT_SANDBOXING = YES;
				GCC_C_LANGUAGE_STANDARD = gnu17;
				GCC_DYNAMIC_NO_PIC = NO;
				GCC_NO_COMMON_BLOCKS = YES;
				GCC_OPTIMIZATION_LEVEL = 0;
				GCC_PREPROCESSOR_DEFINITIONS = (
					"DEBUG=1",
					"$(inherited)",
				);
				GCC_WARN_64_TO_32_BIT_CONVERSION = YES;
				GCC_WARN_ABOUT_RETURN_TYPE = YES_ERROR;
				GCC_WARN_UNDECLARED_SELECTOR = YES;
				GCC_WARN_UNINITIALIZED_AUTOS = YES_AGGRESSIVE;
				GCC_WARN_UNUSED_FUNCTION = YES;
				GCC_WARN_UNUSED_VARIABLE = YES;
				LOCALIZATION_PREFERS_STRING_CATALOGS = YES;
				MTL_ENABLE_DEBUG_INFO = INCLUDE_SOURCE;
				MTL_FAST_MATH = YES;
				ONLY_ACTIVE_ARCH = YES;
				SWIFT_ACTIVE_COMPILATION_CONDITIONS = "DEBUG $(inherited)";
				SWIFT_OPTIMIZATION_LEVEL = "-Onone";
				SWIFT_VERSION = 6.0;
			};
			name = Debug;
		};
		A96F626E2D43C5D600872385 /* Release */ = {
			isa = XCBuildConfiguration;
			buildSettings = {
				ALWAYS_SEARCH_USER_PATHS = NO;
				ASSETCATALOG_COMPILER_GENERATE_SWIFT_ASSET_SYMBOL_EXTENSIONS = YES;
				CLANG_ANALYZER_NONNULL = YES;
				CLANG_ANALYZER_NUMBER_OBJECT_CONVERSION = YES_AGGRESSIVE;
				CLANG_CXX_LANGUAGE_STANDARD = "gnu++20";
				CLANG_ENABLE_MODULES = YES;
				CLANG_ENABLE_OBJC_ARC = YES;
				CLANG_ENABLE_OBJC_WEAK = YES;
				CLANG_WARN_BLOCK_CAPTURE_AUTORELEASING = YES;
				CLANG_WARN_BOOL_CONVERSION = YES;
				CLANG_WARN_COMMA = YES;
				CLANG_WARN_CONSTANT_CONVERSION = YES;
				CLANG_WARN_DEPRECATED_OBJC_IMPLEMENTATIONS = YES;
				CLANG_WARN_DIRECT_OBJC_ISA_USAGE = YES_ERROR;
				CLANG_WARN_DOCUMENTATION_COMMENTS = YES;
				CLANG_WARN_EMPTY_BODY = YES;
				CLANG_WARN_ENUM_CONVERSION = YES;
				CLANG_WARN_INFINITE_RECURSION = YES;
				CLANG_WARN_INT_CONVERSION = YES;
				CLANG_WARN_NON_LITERAL_NULL_CONVERSION = YES;
				CLANG_WARN_OBJC_IMPLICIT_RETAIN_SELF = YES;
				CLANG_WARN_OBJC_LITERAL_CONVERSION = YES;
				CLANG_WARN_OBJC_ROOT_CLASS = YES_ERROR;
				CLANG_WARN_QUOTED_INCLUDE_IN_FRAMEWORK_HEADER = YES;
				CLANG_WARN_RANGE_LOOP_ANALYSIS = YES;
				CLANG_WARN_STRICT_PROTOTYPES = YES;
				CLANG_WARN_SUSPICIOUS_MOVE = YES;
				CLANG_WARN_UNGUARDED_AVAILABILITY = YES_AGGRESSIVE;
				CLANG_WARN_UNREACHABLE_CODE = YES;
				CLANG_WARN__DUPLICATE_METHOD_MATCH = YES;
				CODE_SIGN_ENTITLEMENTS = FuelTrackr/FuelTrackr.entitlements;
				COPY_PHASE_STRIP = NO;
				DEBUG_INFORMATION_FORMAT = "dwarf-with-dsym";
				ENABLE_NS_ASSERTIONS = NO;
				ENABLE_STRICT_OBJC_MSGSEND = YES;
				ENABLE_USER_SCRIPT_SANDBOXING = YES;
				GCC_C_LANGUAGE_STANDARD = gnu17;
				GCC_NO_COMMON_BLOCKS = YES;
				GCC_WARN_64_TO_32_BIT_CONVERSION = YES;
				GCC_WARN_ABOUT_RETURN_TYPE = YES_ERROR;
				GCC_WARN_UNDECLARED_SELECTOR = YES;
				GCC_WARN_UNINITIALIZED_AUTOS = YES_AGGRESSIVE;
				GCC_WARN_UNUSED_FUNCTION = YES;
				GCC_WARN_UNUSED_VARIABLE = YES;
				LOCALIZATION_PREFERS_STRING_CATALOGS = YES;
				MTL_ENABLE_DEBUG_INFO = NO;
				MTL_FAST_MATH = YES;
				SWIFT_COMPILATION_MODE = wholemodule;
				SWIFT_VERSION = 6.0;
			};
			name = Release;
		};
		A96F62702D43C5D600872385 /* Debug */ = {
			isa = XCBuildConfiguration;
			buildSettings = {
				ASSETCATALOG_COMPILER_APPICON_NAME = FuelTrackrIcon;
				ASSETCATALOG_COMPILER_GLOBAL_ACCENT_COLOR_NAME = AccentColor;
				CODE_SIGN_ENTITLEMENTS = FuelTrackr/App/FuelTrackr.entitlements;
				CODE_SIGN_STYLE = Automatic;
				CURRENT_PROJECT_VERSION = 24;
				DEVELOPMENT_ASSET_PATHS = "\"FuelTrackr/Preview Content\"";
				DEVELOPMENT_TEAM = 327PJMKH2C;
				ENABLE_HARDENED_RUNTIME = YES;
				ENABLE_PREVIEWS = YES;
				GENERATE_INFOPLIST_FILE = YES;
				INFOPLIST_FILE = FuelTrackr/App/Info.plist;
				INFOPLIST_KEY_CFBundleDisplayName = FuelTrackr;
				INFOPLIST_KEY_LSApplicationCategoryType = "public.app-category.lifestyle";
				"INFOPLIST_KEY_UIApplicationSceneManifest_Generation[sdk=iphoneos*]" = YES;
				"INFOPLIST_KEY_UIApplicationSceneManifest_Generation[sdk=iphonesimulator*]" = YES;
				"INFOPLIST_KEY_UIApplicationSupportsIndirectInputEvents[sdk=iphoneos*]" = YES;
				"INFOPLIST_KEY_UIApplicationSupportsIndirectInputEvents[sdk=iphonesimulator*]" = YES;
				"INFOPLIST_KEY_UILaunchScreen_Generation[sdk=iphoneos*]" = YES;
				"INFOPLIST_KEY_UILaunchScreen_Generation[sdk=iphonesimulator*]" = YES;
				"INFOPLIST_KEY_UIStatusBarStyle[sdk=iphoneos*]" = UIStatusBarStyleDefault;
				"INFOPLIST_KEY_UIStatusBarStyle[sdk=iphonesimulator*]" = UIStatusBarStyleDefault;
				INFOPLIST_KEY_UISupportedInterfaceOrientations = UIInterfaceOrientationPortrait;
				INFOPLIST_KEY_UISupportedInterfaceOrientations_iPad = "UIInterfaceOrientationLandscapeLeft UIInterfaceOrientationLandscapeRight UIInterfaceOrientationPortrait UIInterfaceOrientationPortraitUpsideDown";
				IPHONEOS_DEPLOYMENT_TARGET = 17.6;
				LD_RUNPATH_SEARCH_PATHS = "@executable_path/Frameworks";
				"LD_RUNPATH_SEARCH_PATHS[sdk=macosx*]" = "@executable_path/../Frameworks";
				MACOSX_DEPLOYMENT_TARGET = 14.0;
				MARKETING_VERSION = 1.1;
				PRODUCT_BUNDLE_IDENTIFIER = "pepper-technologies.nl.FuelTrackr";
				PRODUCT_NAME = "$(TARGET_NAME)";
				SDKROOT = auto;
				SUPPORTED_PLATFORMS = "iphoneos iphonesimulator";
				SUPPORTS_MACCATALYST = NO;
				SWIFT_EMIT_LOC_STRINGS = YES;
				SWIFT_VERSION = 6.0;
				TARGETED_DEVICE_FAMILY = 1;
				XROS_DEPLOYMENT_TARGET = 2.0;
			};
			name = Debug;
		};
		A96F62712D43C5D600872385 /* Release */ = {
			isa = XCBuildConfiguration;
			buildSettings = {
				ASSETCATALOG_COMPILER_APPICON_NAME = FuelTrackrIcon;
				ASSETCATALOG_COMPILER_GLOBAL_ACCENT_COLOR_NAME = AccentColor;
				CODE_SIGN_ENTITLEMENTS = FuelTrackr/App/FuelTrackr.entitlements;
				CODE_SIGN_STYLE = Automatic;
				CURRENT_PROJECT_VERSION = 24;
				DEVELOPMENT_ASSET_PATHS = "\"FuelTrackr/Preview Content\"";
				DEVELOPMENT_TEAM = 327PJMKH2C;
				ENABLE_HARDENED_RUNTIME = YES;
				ENABLE_PREVIEWS = YES;
				GENERATE_INFOPLIST_FILE = YES;
				INFOPLIST_FILE = FuelTrackr/App/Info.plist;
				INFOPLIST_KEY_CFBundleDisplayName = FuelTrackr;
				INFOPLIST_KEY_LSApplicationCategoryType = "public.app-category.lifestyle";
				"INFOPLIST_KEY_UIApplicationSceneManifest_Generation[sdk=iphoneos*]" = YES;
				"INFOPLIST_KEY_UIApplicationSceneManifest_Generation[sdk=iphonesimulator*]" = YES;
				"INFOPLIST_KEY_UIApplicationSupportsIndirectInputEvents[sdk=iphoneos*]" = YES;
				"INFOPLIST_KEY_UIApplicationSupportsIndirectInputEvents[sdk=iphonesimulator*]" = YES;
				"INFOPLIST_KEY_UILaunchScreen_Generation[sdk=iphoneos*]" = YES;
				"INFOPLIST_KEY_UILaunchScreen_Generation[sdk=iphonesimulator*]" = YES;
				"INFOPLIST_KEY_UIStatusBarStyle[sdk=iphoneos*]" = UIStatusBarStyleDefault;
				"INFOPLIST_KEY_UIStatusBarStyle[sdk=iphonesimulator*]" = UIStatusBarStyleDefault;
				INFOPLIST_KEY_UISupportedInterfaceOrientations = UIInterfaceOrientationPortrait;
				INFOPLIST_KEY_UISupportedInterfaceOrientations_iPad = "UIInterfaceOrientationLandscapeLeft UIInterfaceOrientationLandscapeRight UIInterfaceOrientationPortrait UIInterfaceOrientationPortraitUpsideDown";
				IPHONEOS_DEPLOYMENT_TARGET = 17.6;
				LD_RUNPATH_SEARCH_PATHS = "@executable_path/Frameworks";
				"LD_RUNPATH_SEARCH_PATHS[sdk=macosx*]" = "@executable_path/../Frameworks";
				MACOSX_DEPLOYMENT_TARGET = 14.0;
				MARKETING_VERSION = 1.1;
				PRODUCT_BUNDLE_IDENTIFIER = "pepper-technologies.nl.FuelTrackr";
				PRODUCT_NAME = "$(TARGET_NAME)";
				SDKROOT = auto;
				SUPPORTED_PLATFORMS = "iphoneos iphonesimulator";
				SUPPORTS_MACCATALYST = NO;
				SWIFT_EMIT_LOC_STRINGS = YES;
				SWIFT_VERSION = 6.0;
				TARGETED_DEVICE_FAMILY = 1;
				XROS_DEPLOYMENT_TARGET = 2.0;
			};
			name = Release;
		};
/* End XCBuildConfiguration section */

/* Begin XCConfigurationList section */
		A96F62592D43C5D500872385 /* Build configuration list for PBXProject "FuelTrackr" */ = {
			isa = XCConfigurationList;
			buildConfigurations = (
				A96F626D2D43C5D600872385 /* Debug */,
				A96F626E2D43C5D600872385 /* Release */,
			);
			defaultConfigurationIsVisible = 0;
			defaultConfigurationName = Release;
		};
		A96F626F2D43C5D600872385 /* Build configuration list for PBXNativeTarget "FuelTrackr" */ = {
			isa = XCConfigurationList;
			buildConfigurations = (
				A96F62702D43C5D600872385 /* Debug */,
				A96F62712D43C5D600872385 /* Release */,
			);
			defaultConfigurationIsVisible = 0;
			defaultConfigurationName = Release;
		};
/* End XCConfigurationList section */

/* Begin XCLocalSwiftPackageReference section */
		A98BBF052DC1660000F561BF /* XCLocalSwiftPackageReference "FuelTrackr/Data" */ = {
			isa = XCLocalSwiftPackageReference;
			relativePath = FuelTrackr/Data;
		};
		A98BBF082DC1661000F561BF /* XCLocalSwiftPackageReference "FuelTrackr/Domain" */ = {
			isa = XCLocalSwiftPackageReference;
			relativePath = FuelTrackr/Domain;
		};
/* End XCLocalSwiftPackageReference section */

/* Begin XCRemoteSwiftPackageReference section */
		A98D0C332ECCD17800B642CE /* XCRemoteSwiftPackageReference "ScovilleKit" */ = {
			isa = XCRemoteSwiftPackageReference;
			repositoryURL = "git@github.com:nl-pepperTechnologies/ScovilleKit.git";
			requirement = {
				kind = upToNextMajorVersion;
				minimumVersion = 1.0.5;
			};
		};
		A9A91A892D4C02B000153BE0 /* XCRemoteSwiftPackageReference "firebase-ios-sdk" */ = {
			isa = XCRemoteSwiftPackageReference;
			repositoryURL = "https://github.com/firebase/firebase-ios-sdk";
			requirement = {
				kind = upToNextMajorVersion;
				minimumVersion = 11.7.0;
			};
		};
/* End XCRemoteSwiftPackageReference section */

/* Begin XCSwiftPackageProductDependency section */
		A98BBF102DC1670000F561BF /* Data */ = {
			isa = XCSwiftPackageProductDependency;
			productName = Data;
		};
		A98BBF122DC1670300F561BF /* Domain */ = {
			isa = XCSwiftPackageProductDependency;
			productName = Domain;
		};
		A98D0C342ECCD17800B642CE /* ScovilleKit */ = {
			isa = XCSwiftPackageProductDependency;
			package = A98D0C332ECCD17800B642CE /* XCRemoteSwiftPackageReference "ScovilleKit" */;
			productName = ScovilleKit;
		};
		A9A91A8A2D4C02B000153BE0 /* FirebaseAnalytics */ = {
			isa = XCSwiftPackageProductDependency;
			package = A9A91A892D4C02B000153BE0 /* XCRemoteSwiftPackageReference "firebase-ios-sdk" */;
			productName = FirebaseAnalytics;
		};
		A9A91A8C2D4C02B000153BE0 /* FirebaseCore */ = {
			isa = XCSwiftPackageProductDependency;
			package = A9A91A892D4C02B000153BE0 /* XCRemoteSwiftPackageReference "firebase-ios-sdk" */;
			productName = FirebaseCore;
		};
		A9A91A8E2D4C02B000153BE0 /* FirebaseCrashlytics */ = {
			isa = XCSwiftPackageProductDependency;
			package = A9A91A892D4C02B000153BE0 /* XCRemoteSwiftPackageReference "firebase-ios-sdk" */;
			productName = FirebaseCrashlytics;
		};
		A9A91A902D4C02B000153BE0 /* FirebasePerformance */ = {
			isa = XCSwiftPackageProductDependency;
			package = A9A91A892D4C02B000153BE0 /* XCRemoteSwiftPackageReference "firebase-ios-sdk" */;
			productName = FirebasePerformance;
		};
		A9B3A5F42DC265AA00D219FF /* Data */ = {
			isa = XCSwiftPackageProductDependency;
			productName = Data;
		};
/* End XCSwiftPackageProductDependency section */
	};
	rootObject = A96F62562D43C5D500872385 /* Project object */;
}
